<?xml version="1.0" encoding="utf-8"?>
<Project ToolsVersion="4.0" xmlns="http://schemas.microsoft.com/developer/msbuild/2003">
  <ItemGroup>
    <Filter Include="Source Files">
      <UniqueIdentifier>{4FC737F1-C7A5-4376-A066-2A32D752A2FF}</UniqueIdentifier>
      <Extensions>cpp;c;cc;cxx;c++;cppm;ixx;def;odl;idl;hpj;bat;asm;asmx</Extensions>
    </Filter>
    <Filter Include="Header Files">
      <UniqueIdentifier>{93995380-89BD-4b04-88EB-625FBE52EBFB}</UniqueIdentifier>
      <Extensions>h;hh;hpp;hxx;h++;hm;inl;inc;ipp;xsd</Extensions>
    </Filter>
    <Filter Include="Resource Files">
      <UniqueIdentifier>{67DA6AB6-F800-4c08-8B7A-83BB121AAD01}</UniqueIdentifier>
      <Extensions>rc;ico;cur;bmp;dlg;rc2;rct;bin;rgs;gif;jpg;jpeg;jpe;resx;tiff;tif;png;wav;mfcribbon-ms</Extensions>
    </Filter>
    <Filter Include="Source Files\pngs">
      <UniqueIdentifier>{bb770977-6f5a-40dd-82eb-68d119b91e26}</UniqueIdentifier>
    </Filter>
    <Filter Include="Source Files\font">
      <UniqueIdentifier>{eb2f1262-b008-44c7-a46a-3c709c70ee8d}</UniqueIdentifier>
    </Filter>
    <Filter Include="Source Files\bgm">
      <UniqueIdentifier>{060c42a6-6fbe-4d9d-8487-bbd9ce95051b}</UniqueIdentifier>
    </Filter>
  </ItemGroup>
  <ItemGroup>
    <ClCompile Include="audio.cpp">
      <Filter>Source Files</Filter>
    </ClCompile>
    <ClCompile Include="button.cpp">
      <Filter>Source Files</Filter>
    </ClCompile>
    <ClCompile Include="game.cpp">
      <Filter>Source Files</Filter>
    </ClCompile>
    <ClCompile Include="ingredient.cpp">
      <Filter>Source Files</Filter>
    </ClCompile>
    <ClCompile Include="main.cpp">
      <Filter>Source Files</Filter>
    </ClCompile>
    <ClCompile Include="oreder.cpp">
      <Filter>Source Files</Filter>
    </ClCompile>
    <ClCompile Include="pizza.cpp">
      <Filter>Source Files</Filter>
    </ClCompile>
    <ClCompile Include="UImanager.cpp">
      <Filter>Source Files</Filter>
    </ClCompile>
  </ItemGroup>
  <ItemGroup>
    <ClInclude Include="audio.h">
      <Filter>Header Files</Filter>
    </ClInclude>
    <ClInclude Include="button.h">
      <Filter>Header Files</Filter>
    </ClInclude>
    <ClInclude Include="game.h">
      <Filter>Header Files</Filter>
    </ClInclude>
    <ClInclude Include="ingrediens.h">
      <Filter>Header Files</Filter>
    </ClInclude>
    <ClInclude Include="order.h">
      <Filter>Header Files</Filter>
    </ClInclude>
    <ClInclude Include="pizza.h">
      <Filter>Header Files</Filter>
    </ClInclude>
    <ClInclude Include="UImanager.h">
      <Filter>Header Files</Filter>
    </ClInclude>
  </ItemGroup>
  <ItemGroup>
    <Image Include="pngzsz\blend.jpeg">
      <Filter>Source Files\pngs</Filter>
    </Image>
    <Image Include="pngzsz\cheese--.png">
      <Filter>Source Files\pngs</Filter>
    </Image>
    <Image Include="pngzsz\chicken.png">
      <Filter>Source Files\pngs</Filter>
    </Image>
    <Image Include="pngzsz\chocolateicecream.png">
      <Filter>Source Files\pngs</Filter>
    </Image>
    <Image Include="pngzsz\cooking station.png">
      <Filter>Source Files\pngs</Filter>
    </Image>
    <Image Include="pngzsz\cucumber--.png">
      <Filter>Source Files\pngs</Filter>
    </Image>
    <Image Include="pngzsz\ketchup.png">
      <Filter>Source Files\pngs</Filter>
    </Image>
    <Image Include="pngzsz\lettuce-.png">
      <Filter>Source Files\pngs</Filter>
    </Image>
    <Image Include="pngzsz\mangoes.png">
      <Filter>Source Files\pngs</Filter>
    </Image>
    <Image Include="pngzsz\mushroom-.png">
      <Filter>Source Files\pngs</Filter>
    </Image>
    <Image Include="pngzsz\mushroom--.png">
      <Filter>Source Files\pngs</Filter>
    </Image>
    <Image Include="pngzsz\mustard.png">
      <Filter>Source Files\pngs</Filter>
    </Image>
    <Image Include="pngzsz\olive-.png">
      <Filter>Source Files\pngs</Filter>
    </Image>
    <Image Include="pngzsz\olive---.png">
      <Filter>Source Files\pngs</Filter>
    </Image>
    <Image Include="pngzsz\onion--.png">
      <Filter>Source Files\pngs</Filter>
    </Image>
    <Image Include="pngzsz\order.png">
      <Filter>Source Files\pngs</Filter>
    </Image>
    <Image Include="pngzsz\outside.png">
      <Filter>Source Files\pngs</Filter>
    </Image>
    <Image Include="pngzsz\pep--.png">
      <Filter>Source Files\pngs</Filter>
    </Image>
    <Image Include="pngzsz\ranch.png">
      <Filter>Source Files\pngs</Filter>
    </Image>
    <Image Include="pngzsz\salad bar.png">
      <Filter>Source Files\pngs</Filter>
    </Image>
    <Image Include="pngzsz\sausage-.png">
      <Filter>Source Files\pngs</Filter>
    </Image>
    <Image Include="pngzsz\tomato.png">
      <Filter>Source Files\pngs</Filter>
    </Image>
    <Image Include="pngzsz\strawberry.png">
      <Filter>Source Files\pngs</Filter>
    </Image>
    <Image Include="pngzsz\tutifrutiicecream.png">
      <Filter>Source Files\pngs</Filter>
    </Image>
    <Image Include="pngzsz\vanicecream.png">
      <Filter>Source Files\pngs</Filter>
    </Image>
    <Image Include="bananas.png">
      <Filter>Source Files\pngs</Filter>
    </Image>
    <Image Include="blend.png">
      <Filter>Source Files\pngs</Filter>
    </Image>
  </ItemGroup>
  <ItemGroup>
    <Font Include="hot-pizza.normal.ttf">
      <Filter>Source Files\font</Filter>
    </Font>
  </ItemGroup>
  <ItemGroup>
    <None Include="Mambo Italiano.ogg">
      <Filter>Source Files\bgm</Filter>
    </None>
    <None Include="readme.md" />
  </ItemGroup>
</Project>