<?xml version="1.0" encoding="utf-8"?>
<Project ToolsVersion="4.0" xmlns="http://schemas.microsoft.com/developer/msbuild/2003">
  <ItemGroup>
    <Filter Include="Source Files">
      <UniqueIdentifier>{4FC737F1-C7A5-4376-A066-2A32D752A2FF}</UniqueIdentifier>
      <Extensions>cpp;c;cc;cxx;c++;cppm;ixx;def;odl;idl;hpj;bat;asm;asmx</Extensions>
    </Filter>
    <Filter Include="Header Files">
      <UniqueIdentifier>{93995380-89BD-4b04-88EB-625FBE52EBFB}</UniqueIdentifier>
      <Extensions>h;hh;hpp;hxx;h++;hm;inl;inc;ipp;xsd</Extensions>
    </Filter>
    <Filter Include="Resource Files">
      <UniqueIdentifier>{67DA6AB6-F800-4c08-8B7A-83BB121AAD01}</UniqueIdentifier>
      <Extensions>rc;ico;cur;bmp;dlg;rc2;rct;bin;rgs;gif;jpg;jpeg;jpe;resx;tiff;tif;png;wav;mfcribbon-ms</Extensions>
    </Filter>
  </ItemGroup>
  <ItemGroup>
    <ClCompile Include="audio.cpp">
      <Filter>Source Files</Filter>
    </ClCompile>
    <ClCompile Include="button.cpp">
      <Filter>Source Files</Filter>
    </ClCompile>
    <ClCompile Include="game.cpp">
      <Filter>Source Files</Filter>
    </ClCompile>
    <ClCompile Include="ingredient.cpp">
      <Filter>Source Files</Filter>
    </ClCompile>
    <ClCompile Include="main.cpp">
      <Filter>Source Files</Filter>
    </ClCompile>
    <ClCompile Include="oreder.cpp">
      <Filter>Source Files</Filter>
    </ClCompile>
    <ClCompile Include="pizza.cpp">
      <Filter>Source Files</Filter>
    </ClCompile>
    <ClCompile Include="UImanager.cpp">
      <Filter>Source Files</Filter>
    </ClCompile>
  </ItemGroup>
  <ItemGroup>
    <ClInclude Include="audio.h">
      <Filter>Header Files</Filter>
    </ClInclude>
    <ClInclude Include="button.h">
      <Filter>Header Files</Filter>
    </ClInclude>
    <ClInclude Include="game.h">
      <Filter>Header Files</Filter>
    </ClInclude>
    <ClInclude Include="ingrediens.h">
      <Filter>Header Files</Filter>
    </ClInclude>
    <ClInclude Include="order.h">
      <Filter>Header Files</Filter>
    </ClInclude>
    <ClInclude Include="pizza.h">
      <Filter>Header Files</Filter>
    </ClInclude>
    <ClInclude Include="UImanager.h">
      <Filter>Header Files</Filter>
    </ClInclude>
  </ItemGroup>
  <ItemGroup>
    <ResourceCompile Include="ooop project.rc">
      <Filter>Resource Files</Filter>
    </ResourceCompile>
  </ItemGroup>
  <ItemGroup>
    <Image Include="banana.png">
      <Filter>Resource Files</Filter>
    </Image>
    <Image Include="assets\banana.png">
      <Filter>Resource Files</Filter>
    </Image>
    <Image Include="assets\cheese--.png">
      <Filter>Resource Files</Filter>
    </Image>
    <Image Include="assets\chicken.png">
      <Filter>Resource Files</Filter>
    </Image>
    <Image Include="assets\chocolateicecream.png">
      <Filter>Resource Files</Filter>
    </Image>
    <Image Include="assets\cooking station.png">
      <Filter>Resource Files</Filter>
    </Image>
    <Image Include="assets\cucumber--.png">
      <Filter>Resource Files</Filter>
    </Image>
    <Image Include="assets\ketchup.png">
      <Filter>Resource Files</Filter>
    </Image>
    <Image Include="assets\lettuce-.png">
      <Filter>Resource Files</Filter>
    </Image>
    <Image Include="assets\mangoes.png">
      <Filter>Resource Files</Filter>
    </Image>
    <Image Include="assets\mushroom-.png">
      <Filter>Resource Files</Filter>
    </Image>
    <Image Include="assets\mushroom--.png">
      <Filter>Resource Files</Filter>
    </Image>
    <Image Include="assets\mustard.png">
      <Filter>Resource Files</Filter>
    </Image>
    <Image Include="assets\olive-.png">
      <Filter>Resource Files</Filter>
    </Image>
    <Image Include="assets\olive---.png">
      <Filter>Resource Files</Filter>
    </Image>
    <Image Include="assets\onion--.png">
      <Filter>Resource Files</Filter>
    </Image>
    <Image Include="assets\order.png">
      <Filter>Resource Files</Filter>
    </Image>
    <Image Include="assets\outside.png">
      <Filter>Resource Files</Filter>
    </Image>
    <Image Include="assets\pep--.png">
      <Filter>Resource Files</Filter>
    </Image>
    <Image Include="assets\ranch.png">
      <Filter>Resource Files</Filter>
    </Image>
    <Image Include="assets\salad bar.png">
      <Filter>Resource Files</Filter>
    </Image>
    <Image Include="assets\sausage-.png">
      <Filter>Resource Files</Filter>
    </Image>
    <Image Include="assets\strawberry.png">
      <Filter>Resource Files</Filter>
    </Image>
    <Image Include="assets\tomato.png">
      <Filter>Resource Files</Filter>
    </Image>
    <Image Include="assets\tutifrutiicecream.png">
      <Filter>Resource Files</Filter>
    </Image>
    <Image Include="assets\vanicecream.png">
      <Filter>Resource Files</Filter>
    </Image>
    <Image Include="assets\main.jpeg">
      <Filter>Resource Files</Filter>
    </Image>
    <Image Include="assets\milkshakebar.jpeg">
      <Filter>Resource Files</Filter>
    </Image>
    <Image Include="assets\oven.jpeg">
      <Filter>Resource Files</Filter>
    </Image>
  </ItemGroup>
  <ItemGroup>
    <None Include="m2.bin">
      <Filter>Resource Files</Filter>
    </None>
    <None Include="bgm1.bin">
      <Filter>Resource Files</Filter>
    </None>
  </ItemGroup>
</Project>